{
  "name": "proyecto-final",
  "lockfileVersion": 2,
  "requires": true,
  "packages": {
    "": {
      "dependencies": {
        "plotly.js-dist-min": "^2.16.3"
      }
    },
    "node_modules/plotly.js-dist-min": {
      "version": "2.16.3",
      "resolved": "https://registry.npmjs.org/plotly.js-dist-min/-/plotly.js-dist-min-2.16.3.tgz",
      "integrity": "sha512-bbuUlKg6PElWyUq8hw/5QhE/OUHLOy7UUM78063p2f/OWuOrIytWSUEIN5McOkqZjhGMEeCL1Yiw84YykHfCzA=="
    }
  },
  "dependencies": {
    "plotly.js-dist-min": {
      "version": "2.16.3",
      "resolved": "https://registry.npmjs.org/plotly.js-dist-min/-/plotly.js-dist-min-2.16.3.tgz",
      "integrity": "sha512-bbuUlKg6PElWyUq8hw/5QhE/OUHLOy7UUM78063p2f/OWuOrIytWSUEIN5McOkqZjhGMEeCL1Yiw84YykHfCzA=="
    }
  }
}
